// !$*UTF8*$!
{
	archiveVersion = 1;
	classes = {
	};
	objectVersion = 46;
	objects = {

/* Begin PBXBuildFile section */
		AC0DE5EE1F4FFDB2006149C8 /* VoodooI2CHIDDevice.cpp in Sources */ = {isa = PBXBuildFile; fileRef = AC0DE5EC1F4FFDB2006149C8 /* VoodooI2CHIDDevice.cpp */; };
		AC0DE5EF1F4FFDB2006149C8 /* VoodooI2CHIDDevice.hpp in Headers */ = {isa = PBXBuildFile; fileRef = AC0DE5ED1F4FFDB2006149C8 /* VoodooI2CHIDDevice.hpp */; };
/* End PBXBuildFile section */

/* Begin PBXFileReference section */
		AC0DE5DF1F4FFB4B006149C8 /* VoodooI2CHID.kext */ = {isa = PBXFileReference; explicitFileType = wrapper.cfbundle; includeInIndex = 0; path = VoodooI2CHID.kext; sourceTree = BUILT_PRODUCTS_DIR; };
		AC0DE5E61F4FFB4B006149C8 /* Info.plist */ = {isa = PBXFileReference; lastKnownFileType = text.plist.xml; path = Info.plist; sourceTree = "<group>"; };
		AC0DE5EC1F4FFDB2006149C8 /* VoodooI2CHIDDevice.cpp */ = {isa = PBXFileReference; fileEncoding = 4; lastKnownFileType = sourcecode.cpp.cpp; path = VoodooI2CHIDDevice.cpp; sourceTree = "<group>"; };
		AC0DE5ED1F4FFDB2006149C8 /* VoodooI2CHIDDevice.hpp */ = {isa = PBXFileReference; fileEncoding = 4; lastKnownFileType = sourcecode.cpp.h; path = VoodooI2CHIDDevice.hpp; sourceTree = "<group>"; };
/* End PBXFileReference section */

/* Begin PBXFrameworksBuildPhase section */
		AC0DE5DB1F4FFB4B006149C8 /* Frameworks */ = {
			isa = PBXFrameworksBuildPhase;
			buildActionMask = 2147483647;
			files = (
			);
			runOnlyForDeploymentPostprocessing = 0;
		};
/* End PBXFrameworksBuildPhase section */

/* Begin PBXGroup section */
		AC0DE5D51F4FFB4B006149C8 = {
			isa = PBXGroup;
			children = (
				AC0DE5E11F4FFB4B006149C8 /* VoodooI2CHID */,
				AC0DE5E01F4FFB4B006149C8 /* Products */,
			);
			sourceTree = "<group>";
		};
		AC0DE5E01F4FFB4B006149C8 /* Products */ = {
			isa = PBXGroup;
			children = (
				AC0DE5DF1F4FFB4B006149C8 /* VoodooI2CHID.kext */,
			);
			name = Products;
			sourceTree = "<group>";
		};
		AC0DE5E11F4FFB4B006149C8 /* VoodooI2CHID */ = {
			isa = PBXGroup;
			children = (
				AC0DE5F01F50154C006149C8 /* API Headers */,
				AC0DE5E61F4FFB4B006149C8 /* Info.plist */,
				AC0DE5EC1F4FFDB2006149C8 /* VoodooI2CHIDDevice.cpp */,
				AC0DE5ED1F4FFDB2006149C8 /* VoodooI2CHIDDevice.hpp */,
			);
			path = VoodooI2CHID;
			sourceTree = "<group>";
		};
		AC0DE5F01F50154C006149C8 /* API Headers */ = {
			isa = PBXGroup;
			children = (
			);
			name = "API Headers";
			sourceTree = "<group>";
		};
/* End PBXGroup section */

/* Begin PBXHeadersBuildPhase section */
		AC0DE5DC1F4FFB4B006149C8 /* Headers */ = {
			isa = PBXHeadersBuildPhase;
			buildActionMask = 2147483647;
			files = (
				AC0DE5EF1F4FFDB2006149C8 /* VoodooI2CHIDDevice.hpp in Headers */,
			);
			runOnlyForDeploymentPostprocessing = 0;
		};
/* End PBXHeadersBuildPhase section */

/* Begin PBXNativeTarget section */
		AC0DE5DE1F4FFB4B006149C8 /* VoodooI2CHID */ = {
			isa = PBXNativeTarget;
			buildConfigurationList = AC0DE5E91F4FFB4B006149C8 /* Build configuration list for PBXNativeTarget "VoodooI2CHID" */;
			buildPhases = (
				AC0DE5DA1F4FFB4B006149C8 /* Sources */,
				AC0DE5DB1F4FFB4B006149C8 /* Frameworks */,
				AC0DE5DC1F4FFB4B006149C8 /* Headers */,
				AC0DE5DD1F4FFB4B006149C8 /* Resources */,
			);
			buildRules = (
			);
			dependencies = (
			);
			name = VoodooI2CHID;
			productName = VoodooI2CHID;
			productReference = AC0DE5DF1F4FFB4B006149C8 /* VoodooI2CHID.kext */;
			productType = "com.apple.product-type.kernel-extension";
		};
/* End PBXNativeTarget section */

/* Begin PBXProject section */
		AC0DE5D61F4FFB4B006149C8 /* Project object */ = {
			isa = PBXProject;
			attributes = {
				LastUpgradeCheck = 0800;
				ORGANIZATIONNAME = "Alexandre Daoud";
				TargetAttributes = {
					AC0DE5DE1F4FFB4B006149C8 = {
						CreatedOnToolsVersion = 8.0;
						ProvisioningStyle = Automatic;
					};
				};
			};
			buildConfigurationList = AC0DE5D91F4FFB4B006149C8 /* Build configuration list for PBXProject "VoodooI2CHID" */;
			compatibilityVersion = "Xcode 3.2";
			developmentRegion = English;
			hasScannedForEncodings = 0;
			knownRegions = (
				en,
			);
			mainGroup = AC0DE5D51F4FFB4B006149C8;
			productRefGroup = AC0DE5E01F4FFB4B006149C8 /* Products */;
			projectDirPath = "";
			projectRoot = "";
			targets = (
				AC0DE5DE1F4FFB4B006149C8 /* VoodooI2CHID */,
			);
		};
/* End PBXProject section */

/* Begin PBXResourcesBuildPhase section */
		AC0DE5DD1F4FFB4B006149C8 /* Resources */ = {
			isa = PBXResourcesBuildPhase;
			buildActionMask = 2147483647;
			files = (
			);
			runOnlyForDeploymentPostprocessing = 0;
		};
/* End PBXResourcesBuildPhase section */

/* Begin PBXSourcesBuildPhase section */
		AC0DE5DA1F4FFB4B006149C8 /* Sources */ = {
			isa = PBXSourcesBuildPhase;
			buildActionMask = 2147483647;
			files = (
				AC0DE5EE1F4FFDB2006149C8 /* VoodooI2CHIDDevice.cpp in Sources */,
			);
			runOnlyForDeploymentPostprocessing = 0;
		};
/* End PBXSourcesBuildPhase section */

/* Begin XCBuildConfiguration section */
		AC0DE5E71F4FFB4B006149C8 /* Debug */ = {
			isa = XCBuildConfiguration;
			buildSettings = {
				ALWAYS_SEARCH_USER_PATHS = NO;
				CLANG_ANALYZER_NONNULL = YES;
				CLANG_CXX_LANGUAGE_STANDARD = "gnu++0x";
				CLANG_CXX_LIBRARY = "libc++";
				CLANG_ENABLE_MODULES = YES;
				CLANG_ENABLE_OBJC_ARC = YES;
				CLANG_WARN_BOOL_CONVERSION = YES;
				CLANG_WARN_CONSTANT_CONVERSION = YES;
				CLANG_WARN_DIRECT_OBJC_ISA_USAGE = YES_ERROR;
				CLANG_WARN_DOCUMENTATION_COMMENTS = YES;
				CLANG_WARN_EMPTY_BODY = YES;
				CLANG_WARN_ENUM_CONVERSION = YES;
				CLANG_WARN_INFINITE_RECURSION = YES;
				CLANG_WARN_INT_CONVERSION = YES;
				CLANG_WARN_OBJC_ROOT_CLASS = YES_ERROR;
				CLANG_WARN_SUSPICIOUS_MOVES = YES;
				CLANG_WARN_UNREACHABLE_CODE = YES;
				CLANG_WARN__DUPLICATE_METHOD_MATCH = YES;
				CODE_SIGN_IDENTITY = "-";
				COPY_PHASE_STRIP = NO;
				DEBUG_INFORMATION_FORMAT = dwarf;
				ENABLE_STRICT_OBJC_MSGSEND = YES;
				ENABLE_TESTABILITY = YES;
				GCC_C_LANGUAGE_STANDARD = gnu99;
				GCC_DYNAMIC_NO_PIC = NO;
				GCC_NO_COMMON_BLOCKS = YES;
				GCC_OPTIMIZATION_LEVEL = 0;
				GCC_PREPROCESSOR_DEFINITIONS = (
					"DEBUG=1",
					"$(inherited)",
				);
				GCC_WARN_64_TO_32_BIT_CONVERSION = YES;
				GCC_WARN_ABOUT_RETURN_TYPE = YES_ERROR;
				GCC_WARN_UNDECLARED_SELECTOR = YES;
				GCC_WARN_UNINITIALIZED_AUTOS = YES_AGGRESSIVE;
				GCC_WARN_UNUSED_FUNCTION = YES;
				GCC_WARN_UNUSED_VARIABLE = YES;
				MACOSX_DEPLOYMENT_TARGET = 10.11;
				MTL_ENABLE_DEBUG_INFO = YES;
				ONLY_ACTIVE_ARCH = YES;
				SDKROOT = macosx;
			};
			name = Debug;
		};
		AC0DE5E81F4FFB4B006149C8 /* Release */ = {
			isa = XCBuildConfiguration;
			buildSettings = {
				ALWAYS_SEARCH_USER_PATHS = NO;
				CLANG_ANALYZER_NONNULL = YES;
				CLANG_CXX_LANGUAGE_STANDARD = "gnu++0x";
				CLANG_CXX_LIBRARY = "libc++";
				CLANG_ENABLE_MODULES = YES;
				CLANG_ENABLE_OBJC_ARC = YES;
				CLANG_WARN_BOOL_CONVERSION = YES;
				CLANG_WARN_CONSTANT_CONVERSION = YES;
				CLANG_WARN_DIRECT_OBJC_ISA_USAGE = YES_ERROR;
				CLANG_WARN_DOCUMENTATION_COMMENTS = YES;
				CLANG_WARN_EMPTY_BODY = YES;
				CLANG_WARN_ENUM_CONVERSION = YES;
				CLANG_WARN_INFINITE_RECURSION = YES;
				CLANG_WARN_INT_CONVERSION = YES;
				CLANG_WARN_OBJC_ROOT_CLASS = YES_ERROR;
				CLANG_WARN_SUSPICIOUS_MOVES = YES;
				CLANG_WARN_UNREACHABLE_CODE = YES;
				CLANG_WARN__DUPLICATE_METHOD_MATCH = YES;
				CODE_SIGN_IDENTITY = "-";
				COPY_PHASE_STRIP = NO;
				DEBUG_INFORMATION_FORMAT = "dwarf-with-dsym";
				ENABLE_NS_ASSERTIONS = NO;
				ENABLE_STRICT_OBJC_MSGSEND = YES;
				GCC_C_LANGUAGE_STANDARD = gnu99;
				GCC_NO_COMMON_BLOCKS = YES;
				GCC_WARN_64_TO_32_BIT_CONVERSION = YES;
				GCC_WARN_ABOUT_RETURN_TYPE = YES_ERROR;
				GCC_WARN_UNDECLARED_SELECTOR = YES;
				GCC_WARN_UNINITIALIZED_AUTOS = YES_AGGRESSIVE;
				GCC_WARN_UNUSED_FUNCTION = YES;
				GCC_WARN_UNUSED_VARIABLE = YES;
				MACOSX_DEPLOYMENT_TARGET = 10.11;
				MTL_ENABLE_DEBUG_INFO = NO;
				SDKROOT = macosx;
			};
			name = Release;
		};
		AC0DE5EA1F4FFB4B006149C8 /* Debug */ = {
			isa = XCBuildConfiguration;
			buildSettings = {
				COMBINE_HIDPI_IMAGES = YES;
				CURRENT_PROJECT_VERSION = 1.0.0d1;
				INFOPLIST_FILE = VoodooI2CHID/Info.plist;
				MODULE_NAME = com.alexandred.VoodooI2CHID;
				MODULE_VERSION = 1.0.0d1;
				"OTHER_CPLUSPLUSFLAGS[arch=*]" = "-Wno-inconsistent-missing-override";
				PRODUCT_BUNDLE_IDENTIFIER = com.alexandred.VoodooI2CHID;
				PRODUCT_NAME = "$(TARGET_NAME)";
				WRAPPER_EXTENSION = kext;
			};
			name = Debug;
		};
		AC0DE5EB1F4FFB4B006149C8 /* Release */ = {
			isa = XCBuildConfiguration;
			buildSettings = {
				COMBINE_HIDPI_IMAGES = YES;
				CURRENT_PROJECT_VERSION = 1.0.0d1;
				INFOPLIST_FILE = VoodooI2CHID/Info.plist;
				MODULE_NAME = com.alexandred.VoodooI2CHID;
				MODULE_VERSION = 1.0.0d1;
				"OTHER_CPLUSPLUSFLAGS[arch=*]" = "-Wno-inconsistent-missing-override";
				PRODUCT_BUNDLE_IDENTIFIER = com.alexandred.VoodooI2CHID;
				PRODUCT_NAME = "$(TARGET_NAME)";
				WRAPPER_EXTENSION = kext;
			};
			name = Release;
		};
/* End XCBuildConfiguration section */

/* Begin XCConfigurationList section */
		AC0DE5D91F4FFB4B006149C8 /* Build configuration list for PBXProject "VoodooI2CHID" */ = {
			isa = XCConfigurationList;
			buildConfigurations = (
				AC0DE5E71F4FFB4B006149C8 /* Debug */,
				AC0DE5E81F4FFB4B006149C8 /* Release */,
			);
			defaultConfigurationIsVisible = 0;
			defaultConfigurationName = Release;
		};
		AC0DE5E91F4FFB4B006149C8 /* Build configuration list for PBXNativeTarget "VoodooI2CHID" */ = {
			isa = XCConfigurationList;
			buildConfigurations = (
				AC0DE5EA1F4FFB4B006149C8 /* Debug */,
				AC0DE5EB1F4FFB4B006149C8 /* Release */,
			);
			defaultConfigurationIsVisible = 0;
			defaultConfigurationName = Release;
		};
/* End XCConfigurationList section */
	};
	rootObject = AC0DE5D61F4FFB4B006149C8 /* Project object */;
}
